github.com/choleraehyq/pid v0.0.11 h1:LRWOUvwWaUYzrjcwtFIYhjt2ZsIqO79RuIjbHUuuE/k=
github.com/choleraehyq/pid v0.0.11/go.mod h1:Q1j7zyJyRuGB1PzLd085QPeM5AsLhmhD6eiLtifcX7s=
github.com/choleraehyq/pid v0.0.13 h1:Tc/jYjHC50SDCxSX+DWHfMmFqtwGR8EiQ08qJ/EK8zs=
github.com/choleraehyq/pid v0.0.13/go.mod h1:uhzeFgxJZWQsZulelVQZwdASxQ9TIPZYL4TPkQMtL/U=
github.com/choleraehyq/pid v0.0.14 h1:Ovl/xIehJGf88qwbR2nL3xg6pogoXQxu96oGk1Y3me4=
github.com/choleraehyq/pid v0.0.14/go.mod h1:uhzeFgxJZWQsZulelVQZwdASxQ9TIPZYL4TPkQMtL/U=
