github.com/choleraehyq/pid v0.0.2 h1:26nFLL5eQHWsE3wNDILdmA5isun45ay9nO7ZP3YIDXI=
github.com/choleraehyq/pid v0.0.2/go.mod h1:Q1j7zyJyRuGB1PzLd085QPeM5AsLhmhD6eiLtifcX7s=
github.com/choleraehyq/pid v0.0.3 h1:YrDSOAb9Wf3/+YkqWN78eyh4upVcEK0DLd55o8Hislg=
github.com/choleraehyq/pid v0.0.3/go.mod h1:Q1j7zyJyRuGB1PzLd085QPeM5AsLhmhD6eiLtifcX7s=
github.com/choleraehyq/pid v0.0.4 h1:gJyGH2ltIiV2m0TWafm7U6WnaadZZtm/3kQHScc09/0=
github.com/choleraehyq/pid v0.0.4/go.mod h1:Q1j7zyJyRuGB1PzLd085QPeM5AsLhmhD6eiLtifcX7s=
